
Microsoft Visual Studio Solution File, Format Version 12.00
# Visual Studio Version 17
VisualStudioVersion = 17.5.33414.496
MinimumVisualStudioVersion = 10.0.40219.1
Project("{FAE04EC0-301F-11D3-BF4B-00C04F79EFBC}") = "Oleksandr_9", "Oleksandr_9\Oleksandr_9.csproj", "{20598E44-3DDC-4B47-ABC6-D2D364288ECF}"
EndProject
Global
	GlobalSection(SolutionConfigurationPlatforms) = preSolution
		Debug|Any CPU = Debug|Any CPU
		Release|Any CPU = Release|Any CPU
	EndGlobalSection
	GlobalSection(ProjectConfigurationPlatforms) = postSolution
		{20598E44-3DDC-4B47-ABC6-D2D364288ECF}.Debug|Any CPU.ActiveCfg = Debug|Any CPU
		{20598E44-3DDC-4B47-ABC6-D2D364288ECF}.Debug|Any CPU.Build.0 = Debug|Any CPU
		{20598E44-3DDC-4B47-ABC6-D2D364288ECF}.Release|Any CPU.ActiveCfg = Release|Any CPU
		{20598E44-3DDC-4B47-ABC6-D2D364288ECF}.Release|Any CPU.Build.0 = Release|Any CPU
	EndGlobalSection
	GlobalSection(SolutionProperties) = preSolution
		HideSolutionNode = FALSE
	EndGlobalSection
	GlobalSection(ExtensibilityGlobals) = postSolution
		SolutionGuid = {E34E8640-0752-4645-812D-A5217895FA37}
	EndGlobalSection
EndGlobal
